{
  "requires": true,
  "lockfileVersion": 1,
  "dependencies": {
    "@alicloud/dybaseapi": {
      "version": "1.0.0",
      "resolved": "http://registry.npm.taobao.org/@alicloud/dybaseapi/download/@alicloud/dybaseapi-1.0.0.tgz",
      "integrity": "sha1-VS7dCZD5Db1p1AI3zf7/w2bQofU=",
      "requires": {
        "@alicloud/pop-core": "1.5.1"
      }
    },
    "@alicloud/dysmsapi-2017-05-25": {
      "version": "1.0.1",
      "resolved": "http://registry.npm.taobao.org/@alicloud/dysmsapi-2017-05-25/download/@alicloud/dysmsapi-2017-05-25-1.0.1.tgz",
      "integrity": "sha1-qKtpTb4QXrnWfL0eNzV/ag+Eh9U=",
      "requires": {
        "@alicloud/pop-core": "1.5.1"
      }
    },
    "@alicloud/mns": {
      "version": "1.0.0-beta6",
      "resolved": "http://registry.npm.taobao.org/@alicloud/mns/download/@alicloud/mns-1.0.0-beta6.tgz",
      "integrity": "sha1-SZQqrJsdNvOSa9APULtpShsR4wk=",
      "requires": {
        "debug": "2.6.9",
        "httpx": "2.1.2",
        "kitx": "1.3.0",
        "xml2js": "0.4.19"
      }
    },
    "@alicloud/pop-core": {
      "version": "1.5.1",
      "resolved": "http://registry.npm.taobao.org/@alicloud/pop-core/download/@alicloud/pop-core-1.5.1.tgz",
      "integrity": "sha1-otGkbN8s2gFJZXqQkTI7oUZdh7A=",
      "requires": {
        "httpx": "2.1.2",
        "json-bigint": "0.2.3",
        "kitx": "1.3.0",
        "xml2js": "0.4.19"
      }
    },
    "@alicloud/sms-sdk": {
      "version": "1.0.8",
      "resolved": "http://registry.npm.taobao.org/@alicloud/sms-sdk/download/@alicloud/sms-sdk-1.0.8.tgz",
      "integrity": "sha1-uuGjafM5AaGi0c16oiQ1jBNWrbM=",
      "requires": {
        "@alicloud/dybaseapi": "1.0.0",
        "@alicloud/dysmsapi-2017-05-25": "1.0.1",
        "@alicloud/mns": "1.0.0-beta6"
      }
    },
    "bignumber.js": {
      "version": "4.1.0",
      "resolved": "http://registry.npm.taobao.org/bignumber.js/download/bignumber.js-4.1.0.tgz",
      "integrity": "sha1-228UBnwUC9RmJIFaeRbJLZtsJLE="
    },
    "debug": {
      "version": "2.6.9",
      "resolved": "http://registry.npm.taobao.org/debug/download/debug-2.6.9.tgz",
      "integrity": "sha1-XRKFFd8TT/Mn6QpMk/Tgd6U2NB8=",
      "requires": {
        "ms": "2.0.0"
      }
    },
    "httpx": {
      "version": "2.1.2",
      "resolved": "http://registry.npm.taobao.org/httpx/download/httpx-2.1.2.tgz",
      "integrity": "sha1-Wa7BWK1o3wqtNopymyXyKo2/sRQ=",
      "requires": {
        "debug": "2.6.9"
      }
    },
    "json-bigint": {
      "version": "0.2.3",
      "resolved": "http://registry.npm.taobao.org/json-bigint/download/json-bigint-0.2.3.tgz",
      "integrity": "sha1-EY1/b/HThlnxn5TPc+ZKdaP5iKg=",
      "requires": {
        "bignumber.js": "4.1.0"
      }
    },
    "kitx": {
      "version": "1.3.0",
      "resolved": "http://registry.npm.taobao.org/kitx/download/kitx-1.3.0.tgz",
      "integrity": "sha1-qz7nxZjSsdYp/VVWj4aMREDCAOo="
    },
    "ms": {
      "version": "2.0.0",
      "resolved": "http://registry.npm.taobao.org/ms/download/ms-2.0.0.tgz",
      "integrity": "sha1-VgiurfwAvmwpAd9fmGF4jeDVl8g="
    },
    "sax": {
      "version": "1.2.4",
      "resolved": "http://registry.npm.taobao.org/sax/download/sax-1.2.4.tgz",
      "integrity": "sha1-KBYjTiN4vdxOU1T6tcqold9xANk="
    },
    "xml2js": {
      "version": "0.4.19",
      "resolved": "http://registry.npm.taobao.org/xml2js/download/xml2js-0.4.19.tgz",
      "integrity": "sha1-aGwg8hMgnpSr8NG88e+qKRx4J6c=",
      "requires": {
        "sax": "1.2.4",
        "xmlbuilder": "9.0.7"
      }
    },
    "xmlbuilder": {
      "version": "9.0.7",
      "resolved": "http://registry.npm.taobao.org/xmlbuilder/download/xmlbuilder-9.0.7.tgz",
      "integrity": "sha1-Ey7mPS7FVlxVfiD0wi35rKaGsQ0="
    }
  }
}
